{
  "name": "saju",
  "version": "1.0.0",
  "lockfileVersion": 3,
  "requires": true,
  "packages": {
    "": {
      "name": "saju",
      "version": "1.0.0",
      "license": "ISC",
      "dependencies": {
        "@fullstackfamily/manseryeok": "^1.0.8"
      }
    },
    "node_modules/@fullstackfamily/manseryeok": {
      "version": "1.0.8",
      "resolved": "https://registry.npmjs.org/@fullstackfamily/manseryeok/-/manseryeok-1.0.8.tgz",
      "integrity": "sha512-gzbnwpLwZpu2GNngykrjpXSCdDomjQCLomW3tF+PxIBSzd4fvQ2zv6En4WjmVED44hLnu0EIWRDd86Z/VuPN/A==",
      "license": "MIT",
      "engines": {
        "node": ">=16.0.0"
      }
    }
  }
}
